// !$*UTF8*$!
{
	archiveVersion = 1;
	classes = {
	};
	objectVersion = 77;
	objects = {

/* Begin PBXContainerItemProxy section */
		21E61F372E5CBEF40073A441 /* PBXContainerItemProxy */ = {
			isa = PBXContainerItemProxy;
			containerPortal = 21E61F1C2E5CBEF30073A441 /* Project object */;
			proxyType = 1;
			remoteGlobalIDString = 21E61F232E5CBEF30073A441;
			remoteInfo = BreakingFlashcards;
		};
		21E61F412E5CBEF40073A441 /* PBXContainerItemProxy */ = {
			isa = PBXContainerItemProxy;
			containerPortal = 21E61F1C2E5CBEF30073A441 /* Project object */;
			proxyType = 1;
			remoteGlobalIDString = 21E61F232E5CBEF30073A441;
			remoteInfo = BreakingFlashcards;
		};
/* End PBXContainerItemProxy section */

/* Begin PBXFileReference section */
		210E06522EF6C65000AAFB57 /* breakdex.xcodeproj */ = {isa = PBXFileReference; lastKnownFileType = "wrapper.pb-project"; path = breakdex.xcodeproj; sourceTree = "<group>"; };
		210F1B992EF5E26100298791 /* breakdex.xcodeproj */ = {isa = PBXFileReference; lastKnownFileType = "wrapper.pb-project"; path = breakdex.xcodeproj; sourceTree = "<group>"; };
		217139E72F0CF86000E42E37 /* breakdex.xcodeproj */ = {isa = PBXFileReference; lastKnownFileType = "wrapper.pb-project"; path = breakdex.xcodeproj; sourceTree = "<group>"; };
		2179FB2C2EAE269000D32DE9 /* breakdex.xcodeproj */ = {isa = PBXFileReference; lastKnownFileType = "wrapper.pb-project"; path = breakdex.xcodeproj; sourceTree = "<group>"; };
		218C16AC2EA78765002F59FD /* breakdex.xcodeproj */ = {isa = PBXFileReference; lastKnownFileType = "wrapper.pb-project"; path = breakdex.xcodeproj; sourceTree = "<group>"; };
		218CF3862EA0F196002F59FD /* breakdex.xcodeproj */ = {isa = PBXFileReference; lastKnownFileType = "wrapper.pb-project"; path = breakdex.xcodeproj; sourceTree = "<group>"; };
		21A392962EAB8F8D008AB59F /* breakdex.xcodeproj */ = {isa = PBXFileReference; lastKnownFileType = "wrapper.pb-project"; path = breakdex.xcodeproj; sourceTree = "<group>"; };
		21A3A5CA2EAD4B0E008AB59F /* breakdex.xcodeproj */ = {isa = PBXFileReference; lastKnownFileType = "wrapper.pb-project"; path = breakdex.xcodeproj; sourceTree = "<group>"; };
		21B1A4F12E9D3F6000FD524C /* breakdex.xcodeproj */ = {isa = PBXFileReference; lastKnownFileType = "wrapper.pb-project"; path = breakdex.xcodeproj; sourceTree = "<group>"; };
		21B1B02E2E9D423900FD524C /* breakdex.xcodeproj */ = {isa = PBXFileReference; lastKnownFileType = "wrapper.pb-project"; path = breakdex.xcodeproj; sourceTree = "<group>"; };
		21B1C1762E9F92A200FD524C /* breakdex.xcodeproj */ = {isa = PBXFileReference; lastKnownFileType = "wrapper.pb-project"; path = breakdex.xcodeproj; sourceTree = "<group>"; };
		21B1CF7B2E9FAD7600FD524C /* breakdex.xcodeproj */ = {isa = PBXFileReference; lastKnownFileType = "wrapper.pb-project"; path = breakdex.xcodeproj; sourceTree = "<group>"; };
		21B1F34D2E9FAF8C00FD524C /* breakdex.xcodeproj */ = {isa = PBXFileReference; lastKnownFileType = "wrapper.pb-project"; path = breakdex.xcodeproj; sourceTree = "<group>"; };
		21BD32F12E9D3BBE005E622F /* breakdex.xcodeproj */ = {isa = PBXFileReference; lastKnownFileType = "wrapper.pb-project"; path = breakdex.xcodeproj; sourceTree = "<group>"; };
		21E61F242E5CBEF30073A441 /* breakdex.app */ = {isa = PBXFileReference; explicitFileType = wrapper.application; includeInIndex = 0; path = breakdex.app; sourceTree = BUILT_PRODUCTS_DIR; };
		21E61F362E5CBEF40073A441 /* breakdexTests.xctest */ = {isa = PBXFileReference; explicitFileType = wrapper.cfbundle; includeInIndex = 0; path = breakdexTests.xctest; sourceTree = BUILT_PRODUCTS_DIR; };
		21E61F402E5CBEF40073A441 /* breakdexUITests.xctest */ = {isa = PBXFileReference; explicitFileType = wrapper.cfbundle; includeInIndex = 0; path = breakdexUITests.xctest; sourceTree = BUILT_PRODUCTS_DIR; };
/* End PBXFileReference section */

/* Begin PBXFileSystemSynchronizedBuildFileExceptionSet section */
		210E0E652EF6C7FA00AAFB57 /* Exceptions for "breakdex" folder in "breakdex" target */ = {
			isa = PBXFileSystemSynchronizedBuildFileExceptionSet;
			membershipExceptions = (
				breakdex/.gitignore,
				breakdex/Assets.xcassets,
				"breakdex/Fonts/IBMPlexMono-Bold.ttf",
				"breakdex/Fonts/IBMPlexMono-Regular.ttf",
				"breakdex/Fonts/IBMPlexMono-Thin.ttf",
				breakdex/Info.plist,
				breakdex/README.md,
			);
			target = 21E61F232E5CBEF30073A441 /* breakdex */;
		};
/* End PBXFileSystemSynchronizedBuildFileExceptionSet section */

/* Begin PBXFileSystemSynchronizedRootGroup section */
		21AA4AED2E6DABCD00B43E33 /* breakdex */ = {
			isa = PBXFileSystemSynchronizedRootGroup;
			exceptions = (
				210E0E652EF6C7FA00AAFB57 /* Exceptions for "breakdex" folder in "breakdex" target */,
			);
			name = breakdex;
			sourceTree = "<group>";
		};
/* End PBXFileSystemSynchronizedRootGroup section */

/* Begin PBXFrameworksBuildPhase section */
		21E61F212E5CBEF30073A441 /* Frameworks */ = {
			isa = PBXFrameworksBuildPhase;
			buildActionMask = 2147483647;
			files = (
			);
			runOnlyForDeploymentPostprocessing = 0;
		};
		21E61F332E5CBEF40073A441 /* Frameworks */ = {
			isa = PBXFrameworksBuildPhase;
			buildActionMask = 2147483647;
			files = (
			);
			runOnlyForDeploymentPostprocessing = 0;
		};
		21E61F3D2E5CBEF40073A441 /* Frameworks */ = {
			isa = PBXFrameworksBuildPhase;
			buildActionMask = 2147483647;
			files = (
			);
			runOnlyForDeploymentPostprocessing = 0;
		};
/* End PBXFrameworksBuildPhase section */

/* Begin PBXGroup section */
		210E06532EF6C65000AAFB57 /* Products */ = {
			isa = PBXGroup;
			name = Products;
			sourceTree = "<group>";
		};
		210F1B9E2EF5E26100298791 /* Products */ = {
			isa = PBXGroup;
			name = Products;
			sourceTree = "<group>";
		};
		217139E82F0CF86000E42E37 /* Products */ = {
			isa = PBXGroup;
			name = Products;
			sourceTree = "<group>";
		};
		2179FB2D2EAE269000D32DE9 /* Products */ = {
			isa = PBXGroup;
			name = Products;
			sourceTree = "<group>";
		};
		218C16AD2EA78765002F59FD /* Products */ = {
			isa = PBXGroup;
			name = Products;
			sourceTree = "<group>";
		};
		218CF3882EA0F196002F59FD /* Products */ = {
			isa = PBXGroup;
			name = Products;
			sourceTree = "<group>";
		};
		21A392972EAB8F8D008AB59F /* Products */ = {
			isa = PBXGroup;
			name = Products;
			sourceTree = "<group>";
		};
		21A3A5CB2EAD4B0E008AB59F /* Products */ = {
			isa = PBXGroup;
			name = Products;
			sourceTree = "<group>";
		};
		21B1A4F22E9D3F6000FD524C /* Products */ = {
			isa = PBXGroup;
			name = Products;
			sourceTree = "<group>";
		};
		21B1B02F2E9D423900FD524C /* Products */ = {
			isa = PBXGroup;
			name = Products;
			sourceTree = "<group>";
		};
		21B1C1772E9F92A200FD524C /* Products */ = {
			isa = PBXGroup;
			name = Products;
			sourceTree = "<group>";
		};
		21B1CF7D2E9FAD7600FD524C /* Products */ = {
			isa = PBXGroup;
			name = Products;
			sourceTree = "<group>";
		};
		21B1F34F2E9FAF8C00FD524C /* Products */ = {
			isa = PBXGroup;
			name = Products;
			sourceTree = "<group>";
		};
		21BD32F62E9D3BBE005E622F /* Products */ = {
			isa = PBXGroup;
			name = Products;
			sourceTree = "<group>";
		};
		21E61F1B2E5CBEF30073A441 = {
			isa = PBXGroup;
			children = (
				21AA4AED2E6DABCD00B43E33 /* breakdex */,
				21E61F252E5CBEF30073A441 /* Products */,
			);
			sourceTree = "<group>";
		};
		21E61F252E5CBEF30073A441 /* Products */ = {
			isa = PBXGroup;
			children = (
				21E61F242E5CBEF30073A441 /* breakdex.app */,
				21E61F362E5CBEF40073A441 /* breakdexTests.xctest */,
				21E61F402E5CBEF40073A441 /* breakdexUITests.xctest */,
			);
			name = Products;
			sourceTree = "<group>";
		};
/* End PBXGroup section */

/* Begin PBXNativeTarget section */
		21E61F232E5CBEF30073A441 /* breakdex */ = {
			isa = PBXNativeTarget;
			buildConfigurationList = 21E61F4A2E5CBEF40073A441 /* Build configuration list for PBXNativeTarget "breakdex" */;
			buildPhases = (
				21E61F202E5CBEF30073A441 /* Sources */,
				21E61F212E5CBEF30073A441 /* Frameworks */,
				21E61F222E5CBEF30073A441 /* Resources */,
			);
			buildRules = (
			);
			dependencies = (
			);
			fileSystemSynchronizedGroups = (
				21AA4AED2E6DABCD00B43E33 /* breakdex */,
			);
			name = breakdex;
			packageProductDependencies = (
			);
			productName = BreakingFlashcards;
			productReference = 21E61F242E5CBEF30073A441 /* breakdex.app */;
			productType = "com.apple.product-type.application";
		};
		21E61F352E5CBEF40073A441 /* breakdexTests */ = {
			isa = PBXNativeTarget;
			buildConfigurationList = 21E61F4D2E5CBEF40073A441 /* Build configuration list for PBXNativeTarget "breakdexTests" */;
			buildPhases = (
				21E61F322E5CBEF40073A441 /* Sources */,
				21E61F332E5CBEF40073A441 /* Frameworks */,
				21E61F342E5CBEF40073A441 /* Resources */,
			);
			buildRules = (
			);
			dependencies = (
				21E61F382E5CBEF40073A441 /* PBXTargetDependency */,
			);
			name = breakdexTests;
			packageProductDependencies = (
			);
			productName = BreakingFlashcardsTests;
			productReference = 21E61F362E5CBEF40073A441 /* breakdexTests.xctest */;
			productType = "com.apple.product-type.bundle.unit-test";
		};
		21E61F3F2E5CBEF40073A441 /* breakdexUITests */ = {
			isa = PBXNativeTarget;
			buildConfigurationList = 21E61F502E5CBEF40073A441 /* Build configuration list for PBXNativeTarget "breakdexUITests" */;
			buildPhases = (
				21E61F3C2E5CBEF40073A441 /* Sources */,
				21E61F3D2E5CBEF40073A441 /* Frameworks */,
				21E61F3E2E5CBEF40073A441 /* Resources */,
			);
			buildRules = (
			);
			dependencies = (
				21E61F422E5CBEF40073A441 /* PBXTargetDependency */,
			);
			name = breakdexUITests;
			packageProductDependencies = (
			);
			productName = BreakingFlashcardsUITests;
			productReference = 21E61F402E5CBEF40073A441 /* breakdexUITests.xctest */;
			productType = "com.apple.product-type.bundle.ui-testing";
		};
/* End PBXNativeTarget section */

/* Begin PBXProject section */
		21E61F1C2E5CBEF30073A441 /* Project object */ = {
			isa = PBXProject;
			attributes = {
				BuildIndependentTargetsInParallel = 1;
				LastSwiftUpdateCheck = 1640;
				LastUpgradeCheck = 1640;
				TargetAttributes = {
					21E61F232E5CBEF30073A441 = {
						CreatedOnToolsVersion = 16.4;
					};
					21E61F352E5CBEF40073A441 = {
						CreatedOnToolsVersion = 16.4;
						TestTargetID = 21E61F232E5CBEF30073A441;
					};
					21E61F3F2E5CBEF40073A441 = {
						CreatedOnToolsVersion = 16.4;
						TestTargetID = 21E61F232E5CBEF30073A441;
					};
				};
			};
			buildConfigurationList = 21E61F1F2E5CBEF30073A441 /* Build configuration list for PBXProject "breakdex" */;
			developmentRegion = en;
			hasScannedForEncodings = 0;
			knownRegions = (
				en,
				Base,
			);
			mainGroup = 21E61F1B2E5CBEF30073A441;
			minimizedProjectReferenceProxies = 1;
			preferredProjectObjectVersion = 77;
			productRefGroup = 21E61F252E5CBEF30073A441 /* Products */;
			projectDirPath = "";
			projectReferences = (
				{
					ProductGroup = 21B1CF7D2E9FAD7600FD524C /* Products */;
					ProjectRef = 21B1CF7B2E9FAD7600FD524C /* breakdex.xcodeproj */;
				},
				{
					ProductGroup = 21B1A4F22E9D3F6000FD524C /* Products */;
					ProjectRef = 21B1A4F12E9D3F6000FD524C /* breakdex.xcodeproj */;
				},
				{
					ProductGroup = 21B1F34F2E9FAF8C00FD524C /* Products */;
					ProjectRef = 21B1F34D2E9FAF8C00FD524C /* breakdex.xcodeproj */;
				},
				{
					ProductGroup = 210F1B9E2EF5E26100298791 /* Products */;
					ProjectRef = 210F1B992EF5E26100298791 /* breakdex.xcodeproj */;
				},
				{
					ProductGroup = 218C16AD2EA78765002F59FD /* Products */;
					ProjectRef = 218C16AC2EA78765002F59FD /* breakdex.xcodeproj */;
				},
				{
					ProductGroup = 21B1B02F2E9D423900FD524C /* Products */;
					ProjectRef = 21B1B02E2E9D423900FD524C /* breakdex.xcodeproj */;
				},
				{
					ProductGroup = 21B1C1772E9F92A200FD524C /* Products */;
					ProjectRef = 21B1C1762E9F92A200FD524C /* breakdex.xcodeproj */;
				},
				{
					ProductGroup = 218CF3882EA0F196002F59FD /* Products */;
					ProjectRef = 218CF3862EA0F196002F59FD /* breakdex.xcodeproj */;
				},
				{
					ProductGroup = 21A3A5CB2EAD4B0E008AB59F /* Products */;
					ProjectRef = 21A3A5CA2EAD4B0E008AB59F /* breakdex.xcodeproj */;
				},
				{
					ProductGroup = 210E06532EF6C65000AAFB57 /* Products */;
					ProjectRef = 210E06522EF6C65000AAFB57 /* breakdex.xcodeproj */;
				},
				{
					ProductGroup = 217139E82F0CF86000E42E37 /* Products */;
					ProjectRef = 217139E72F0CF86000E42E37 /* breakdex.xcodeproj */;
				},
				{
					ProductGroup = 21BD32F62E9D3BBE005E622F /* Products */;
					ProjectRef = 21BD32F12E9D3BBE005E622F /* breakdex.xcodeproj */;
				},
				{
					ProductGroup = 21A392972EAB8F8D008AB59F /* Products */;
					ProjectRef = 21A392962EAB8F8D008AB59F /* breakdex.xcodeproj */;
				},
				{
					ProductGroup = 2179FB2D2EAE269000D32DE9 /* Products */;
					ProjectRef = 2179FB2C2EAE269000D32DE9 /* breakdex.xcodeproj */;
				},
			);
			projectRoot = "";
			targets = (
				21E61F232E5CBEF30073A441 /* breakdex */,
				21E61F352E5CBEF40073A441 /* breakdexTests */,
				21E61F3F2E5CBEF40073A441 /* breakdexUITests */,
			);
		};
/* End PBXProject section */

/* Begin PBXResourcesBuildPhase section */
		21E61F222E5CBEF30073A441 /* Resources */ = {
			isa = PBXResourcesBuildPhase;
			buildActionMask = 2147483647;
			files = (
			);
			runOnlyForDeploymentPostprocessing = 0;
		};
		21E61F342E5CBEF40073A441 /* Resources */ = {
			isa = PBXResourcesBuildPhase;
			buildActionMask = 2147483647;
			files = (
			);
			runOnlyForDeploymentPostprocessing = 0;
		};
		21E61F3E2E5CBEF40073A441 /* Resources */ = {
			isa = PBXResourcesBuildPhase;
			buildActionMask = 2147483647;
			files = (
			);
			runOnlyForDeploymentPostprocessing = 0;
		};
/* End PBXResourcesBuildPhase section */

/* Begin PBXSourcesBuildPhase section */
		21E61F202E5CBEF30073A441 /* Sources */ = {
			isa = PBXSourcesBuildPhase;
			buildActionMask = 2147483647;
			files = (
			);
			runOnlyForDeploymentPostprocessing = 0;
		};
		21E61F322E5CBEF40073A441 /* Sources */ = {
			isa = PBXSourcesBuildPhase;
			buildActionMask = 2147483647;
			files = (
			);
			runOnlyForDeploymentPostprocessing = 0;
		};
		21E61F3C2E5CBEF40073A441 /* Sources */ = {
			isa = PBXSourcesBuildPhase;
			buildActionMask = 2147483647;
			files = (
			);
			runOnlyForDeploymentPostprocessing = 0;
		};
/* End PBXSourcesBuildPhase section */

/* Begin PBXTargetDependency section */
		21E61F382E5CBEF40073A441 /* PBXTargetDependency */ = {
			isa = PBXTargetDependency;
			target = 21E61F232E5CBEF30073A441 /* breakdex */;
			targetProxy = 21E61F372E5CBEF40073A441 /* PBXContainerItemProxy */;
		};
		21E61F422E5CBEF40073A441 /* PBXTargetDependency */ = {
			isa = PBXTargetDependency;
			target = 21E61F232E5CBEF30073A441 /* breakdex */;
			targetProxy = 21E61F412E5CBEF40073A441 /* PBXContainerItemProxy */;
		};
/* End PBXTargetDependency section */

/* Begin XCBuildConfiguration section */
		21E61F482E5CBEF40073A441 /* Debug */ = {
			isa = XCBuildConfiguration;
			buildSettings = {
				ALWAYS_SEARCH_USER_PATHS = NO;
				ASSETCATALOG_COMPILER_GENERATE_SWIFT_ASSET_SYMBOL_EXTENSIONS = YES;
				CLANG_ANALYZER_NONNULL = YES;
				CLANG_ANALYZER_NUMBER_OBJECT_CONVERSION = YES_AGGRESSIVE;
				CLANG_CXX_LANGUAGE_STANDARD = "gnu++20";
				CLANG_ENABLE_MODULES = YES;
				CLANG_ENABLE_OBJC_ARC = YES;
				CLANG_ENABLE_OBJC_WEAK = YES;
				CLANG_WARN_BLOCK_CAPTURE_AUTORELEASING = YES;
				CLANG_WARN_BOOL_CONVERSION = YES;
				CLANG_WARN_COMMA = YES;
				CLANG_WARN_CONSTANT_CONVERSION = YES;
				CLANG_WARN_DEPRECATED_OBJC_IMPLEMENTATIONS = YES;
				CLANG_WARN_DIRECT_OBJC_ISA_USAGE = YES_ERROR;
				CLANG_WARN_DOCUMENTATION_COMMENTS = YES;
				CLANG_WARN_EMPTY_BODY = YES;
				CLANG_WARN_ENUM_CONVERSION = YES;
				CLANG_WARN_INFINITE_RECURSION = YES;
				CLANG_WARN_INT_CONVERSION = YES;
				CLANG_WARN_NON_LITERAL_NULL_CONVERSION = YES;
				CLANG_WARN_OBJC_IMPLICIT_RETAIN_SELF = YES;
				CLANG_WARN_OBJC_LITERAL_CONVERSION = YES;
				CLANG_WARN_OBJC_ROOT_CLASS = YES_ERROR;
				CLANG_WARN_QUOTED_INCLUDE_IN_FRAMEWORK_HEADER = YES;
				CLANG_WARN_RANGE_LOOP_ANALYSIS = YES;
				CLANG_WARN_STRICT_PROTOTYPES = YES;
				CLANG_WARN_SUSPICIOUS_MOVE = YES;
				CLANG_WARN_UNGUARDED_AVAILABILITY = YES_AGGRESSIVE;
				CLANG_WARN_UNREACHABLE_CODE = YES;
				CLANG_WARN__DUPLICATE_METHOD_MATCH = YES;
				COPY_PHASE_STRIP = NO;
				DEBUG_INFORMATION_FORMAT = dwarf;
				ENABLE_STRICT_OBJC_MSGSEND = YES;
				ENABLE_TESTABILITY = YES;
				ENABLE_USER_SCRIPT_SANDBOXING = YES;
				GCC_C_LANGUAGE_STANDARD = gnu17;
				GCC_DYNAMIC_NO_PIC = NO;
				GCC_NO_COMMON_BLOCKS = YES;
				GCC_OPTIMIZATION_LEVEL = 0;
				GCC_PREPROCESSOR_DEFINITIONS = (
					"DEBUG=1",
					"$(inherited)",
				);
				GCC_WARN_64_TO_32_BIT_CONVERSION = YES;
				GCC_WARN_ABOUT_RETURN_TYPE = YES_ERROR;
				GCC_WARN_UNDECLARED_SELECTOR = YES;
				GCC_WARN_UNINITIALIZED_AUTOS = YES_AGGRESSIVE;
				GCC_WARN_UNUSED_FUNCTION = YES;
				GCC_WARN_UNUSED_VARIABLE = YES;
				IPHONEOS_DEPLOYMENT_TARGET = 18.5;
				LOCALIZATION_PREFERS_STRING_CATALOGS = YES;
				MTL_ENABLE_DEBUG_INFO = INCLUDE_SOURCE;
				MTL_FAST_MATH = YES;
				ONLY_ACTIVE_ARCH = YES;
				SDKROOT = iphoneos;
				SWIFT_ACTIVE_COMPILATION_CONDITIONS = "DEBUG $(inherited)";
				SWIFT_OPTIMIZATION_LEVEL = "-Onone";
			};
			name = Debug;
		};
		21E61F492E5CBEF40073A441 /* Release */ = {
			isa = XCBuildConfiguration;
			buildSettings = {
				ALWAYS_SEARCH_USER_PATHS = NO;
				ASSETCATALOG_COMPILER_GENERATE_SWIFT_ASSET_SYMBOL_EXTENSIONS = YES;
				CLANG_ANALYZER_NONNULL = YES;
				CLANG_ANALYZER_NUMBER_OBJECT_CONVERSION = YES_AGGRESSIVE;
				CLANG_CXX_LANGUAGE_STANDARD = "gnu++20";
				CLANG_ENABLE_MODULES = YES;
				CLANG_ENABLE_OBJC_ARC = YES;
				CLANG_ENABLE_OBJC_WEAK = YES;
				CLANG_WARN_BLOCK_CAPTURE_AUTORELEASING = YES;
				CLANG_WARN_BOOL_CONVERSION = YES;
				CLANG_WARN_COMMA = YES;
				CLANG_WARN_CONSTANT_CONVERSION = YES;
				CLANG_WARN_DEPRECATED_OBJC_IMPLEMENTATIONS = YES;
				CLANG_WARN_DIRECT_OBJC_ISA_USAGE = YES_ERROR;
				CLANG_WARN_DOCUMENTATION_COMMENTS = YES;
				CLANG_WARN_EMPTY_BODY = YES;
				CLANG_WARN_ENUM_CONVERSION = YES;
				CLANG_WARN_INFINITE_RECURSION = YES;
				CLANG_WARN_INT_CONVERSION = YES;
				CLANG_WARN_NON_LITERAL_NULL_CONVERSION = YES;
				CLANG_WARN_OBJC_IMPLICIT_RETAIN_SELF = YES;
				CLANG_WARN_OBJC_LITERAL_CONVERSION = YES;
				CLANG_WARN_OBJC_ROOT_CLASS = YES_ERROR;
				CLANG_WARN_QUOTED_INCLUDE_IN_FRAMEWORK_HEADER = YES;
				CLANG_WARN_RANGE_LOOP_ANALYSIS = YES;
				CLANG_WARN_STRICT_PROTOTYPES = YES;
				CLANG_WARN_SUSPICIOUS_MOVE = YES;
				CLANG_WARN_UNGUARDED_AVAILABILITY = YES_AGGRESSIVE;
				CLANG_WARN_UNREACHABLE_CODE = YES;
				CLANG_WARN__DUPLICATE_METHOD_MATCH = YES;
				COPY_PHASE_STRIP = NO;
				DEBUG_INFORMATION_FORMAT = "dwarf-with-dsym";
				ENABLE_NS_ASSERTIONS = NO;
				ENABLE_STRICT_OBJC_MSGSEND = YES;
				ENABLE_USER_SCRIPT_SANDBOXING = YES;
				GCC_C_LANGUAGE_STANDARD = gnu17;
				GCC_NO_COMMON_BLOCKS = YES;
				GCC_WARN_64_TO_32_BIT_CONVERSION = YES;
				GCC_WARN_ABOUT_RETURN_TYPE = YES_ERROR;
				GCC_WARN_UNDECLARED_SELECTOR = YES;
				GCC_WARN_UNINITIALIZED_AUTOS = YES_AGGRESSIVE;
				GCC_WARN_UNUSED_FUNCTION = YES;
				GCC_WARN_UNUSED_VARIABLE = YES;
				IPHONEOS_DEPLOYMENT_TARGET = 18.5;
				LOCALIZATION_PREFERS_STRING_CATALOGS = YES;
				MTL_ENABLE_DEBUG_INFO = NO;
				MTL_FAST_MATH = YES;
				SDKROOT = iphoneos;
				SWIFT_COMPILATION_MODE = wholemodule;
				VALIDATE_PRODUCT = YES;
			};
			name = Release;
		};
		21E61F4B2E5CBEF40073A441 /* Debug */ = {
			isa = XCBuildConfiguration;
			buildSettings = {
				ASSETCATALOG_COMPILER_APPICON_NAME = AppIcon;
				ASSETCATALOG_COMPILER_GLOBAL_ACCENT_COLOR_NAME = AccentColor;
				CODE_SIGN_IDENTITY = "Apple Development";
				CODE_SIGN_STYLE = Automatic;
				CURRENT_PROJECT_VERSION = 1;
				DEVELOPMENT_TEAM = 95MF6RX2GK;
				ENABLE_PREVIEWS = YES;
				EXCLUDED_SOURCE_FILE_NAMES = (
					"*.md",
					"*.pdf",
				);
				GENERATE_INFOPLIST_FILE = YES;
				INFOPLIST_FILE = breakdex/Info.plist;
				INFOPLIST_KEY_CFBundleDisplayName = breakdex;
				INFOPLIST_KEY_LSApplicationCategoryType = "public.app-category.utilities";
				INFOPLIST_KEY_NSCameraUsageDescription = "This app needs camera access to record breaking moves for your training arsenal.";
				INFOPLIST_KEY_NSMicrophoneUsageDescription = "This app may use the microphone when recording video clips.";
				INFOPLIST_KEY_NSPhotoLibraryUsageDescription = "This app needs photo library access to select video clips of your breaking moves.";
				INFOPLIST_KEY_UIApplicationSceneManifest_Generation = YES;
				INFOPLIST_KEY_UIApplicationSupportsIndirectInputEvents = YES;
				INFOPLIST_KEY_UILaunchScreen_Generation = YES;
				INFOPLIST_KEY_UISupportedInterfaceOrientations_iPad = "UIInterfaceOrientationPortrait UIInterfaceOrientationPortraitUpsideDown UIInterfaceOrientationLandscapeLeft UIInterfaceOrientationLandscapeRight";
				INFOPLIST_KEY_UISupportedInterfaceOrientations_iPhone = "UIInterfaceOrientationPortrait UIInterfaceOrientationLandscapeLeft UIInterfaceOrientationLandscapeRight";
				LD_RUNPATH_SEARCH_PATHS = (
					"$(inherited)",
					"@executable_path/Frameworks",
				);
				MARKETING_VERSION = 1.0;
				PRODUCT_BUNDLE_IDENTIFIER = com.stussysenik.breakdex;
				PRODUCT_NAME = "$(TARGET_NAME)";
				PROVISIONING_PROFILE_SPECIFIER = "";
				SWIFT_EMIT_LOC_STRINGS = YES;
				SWIFT_VERSION = 5.0;
				TARGETED_DEVICE_FAMILY = "1,2";
			};
			name = Debug;
		};
		21E61F4C2E5CBEF40073A441 /* Release */ = {
			isa = XCBuildConfiguration;
			buildSettings = {
				ASSETCATALOG_COMPILER_APPICON_NAME = AppIcon;
				ASSETCATALOG_COMPILER_GLOBAL_ACCENT_COLOR_NAME = AccentColor;
				CODE_SIGN_IDENTITY = "Apple Development";
				CODE_SIGN_STYLE = Automatic;
				CURRENT_PROJECT_VERSION = 1;
				DEVELOPMENT_TEAM = 95MF6RX2GK;
				ENABLE_PREVIEWS = YES;
				EXCLUDED_SOURCE_FILE_NAMES = (
					"*.md",
					"*.pdf",
				);
				GENERATE_INFOPLIST_FILE = YES;
				INFOPLIST_FILE = breakdex/Info.plist;
				INFOPLIST_KEY_CFBundleDisplayName = breakdex;
				INFOPLIST_KEY_LSApplicationCategoryType = "public.app-category.utilities";
				INFOPLIST_KEY_NSCameraUsageDescription = "This app needs camera access to record breaking moves for your training arsenal.";
				INFOPLIST_KEY_NSMicrophoneUsageDescription = "This app may use the microphone when recording video clips.";
				INFOPLIST_KEY_NSPhotoLibraryUsageDescription = "This app needs photo library access to select video clips of your breaking moves.";
				INFOPLIST_KEY_UIApplicationSceneManifest_Generation = YES;
				INFOPLIST_KEY_UIApplicationSupportsIndirectInputEvents = YES;
				INFOPLIST_KEY_UILaunchScreen_Generation = YES;
				INFOPLIST_KEY_UISupportedInterfaceOrientations_iPad = "UIInterfaceOrientationPortrait UIInterfaceOrientationPortraitUpsideDown UIInterfaceOrientationLandscapeLeft UIInterfaceOrientationLandscapeRight";
				INFOPLIST_KEY_UISupportedInterfaceOrientations_iPhone = "UIInterfaceOrientationPortrait UIInterfaceOrientationLandscapeLeft UIInterfaceOrientationLandscapeRight";
				LD_RUNPATH_SEARCH_PATHS = (
					"$(inherited)",
					"@executable_path/Frameworks",
				);
				MARKETING_VERSION = 1.0;
				PRODUCT_BUNDLE_IDENTIFIER = com.stussysenik.breakdex;
				PRODUCT_NAME = "$(TARGET_NAME)";
				PROVISIONING_PROFILE_SPECIFIER = "";
				SWIFT_EMIT_LOC_STRINGS = YES;
				SWIFT_VERSION = 5.0;
				TARGETED_DEVICE_FAMILY = "1,2";
			};
			name = Release;
		};
		21E61F4E2E5CBEF40073A441 /* Debug */ = {
			isa = XCBuildConfiguration;
			buildSettings = {
				BUNDLE_LOADER = "$(TEST_HOST)";
				CODE_SIGN_STYLE = Automatic;
				CURRENT_PROJECT_VERSION = 1;
				DEVELOPMENT_TEAM = 95MF6RX2GK;
				GENERATE_INFOPLIST_FILE = YES;
				IPHONEOS_DEPLOYMENT_TARGET = 18.5;
				MARKETING_VERSION = 1.0;
				PRODUCT_BUNDLE_IDENTIFIER = com.mxzou.BreakingFlashcardsTests;
				PRODUCT_NAME = "$(TARGET_NAME)";
				SWIFT_EMIT_LOC_STRINGS = NO;
				SWIFT_VERSION = 5.0;
				TARGETED_DEVICE_FAMILY = "1,2";
				TEST_HOST = "$(BUILT_PRODUCTS_DIR)/breakdex.app/$(BUNDLE_EXECUTABLE_FOLDER_PATH)/breakdex";
			};
			name = Debug;
		};
		21E61F4F2E5CBEF40073A441 /* Release */ = {
			isa = XCBuildConfiguration;
			buildSettings = {
				BUNDLE_LOADER = "$(TEST_HOST)";
				CODE_SIGN_STYLE = Automatic;
				CURRENT_PROJECT_VERSION = 1;
				DEVELOPMENT_TEAM = 95MF6RX2GK;
				GENERATE_INFOPLIST_FILE = YES;
				IPHONEOS_DEPLOYMENT_TARGET = 18.5;
				MARKETING_VERSION = 1.0;
				PRODUCT_BUNDLE_IDENTIFIER = com.mxzou.BreakingFlashcardsTests;
				PRODUCT_NAME = "$(TARGET_NAME)";
				SWIFT_EMIT_LOC_STRINGS = NO;
				SWIFT_VERSION = 5.0;
				TARGETED_DEVICE_FAMILY = "1,2";
				TEST_HOST = "$(BUILT_PRODUCTS_DIR)/breakdex.app/$(BUNDLE_EXECUTABLE_FOLDER_PATH)/breakdex";
			};
			name = Release;
		};
		21E61F512E5CBEF40073A441 /* Debug */ = {
			isa = XCBuildConfiguration;
			buildSettings = {
				CODE_SIGN_STYLE = Automatic;
				CURRENT_PROJECT_VERSION = 1;
				DEVELOPMENT_TEAM = 95MF6RX2GK;
				GENERATE_INFOPLIST_FILE = YES;
				MARKETING_VERSION = 1.0;
				PRODUCT_BUNDLE_IDENTIFIER = com.mxzou.BreakingFlashcardsUITests;
				PRODUCT_NAME = "$(TARGET_NAME)";
				SWIFT_EMIT_LOC_STRINGS = NO;
				SWIFT_VERSION = 5.0;
				TARGETED_DEVICE_FAMILY = "1,2";
				TEST_TARGET_NAME = BreakingFlashcards;
			};
			name = Debug;
		};
		21E61F522E5CBEF40073A441 /* Release */ = {
			isa = XCBuildConfiguration;
			buildSettings = {
				CODE_SIGN_STYLE = Automatic;
				CURRENT_PROJECT_VERSION = 1;
				DEVELOPMENT_TEAM = 95MF6RX2GK;
				GENERATE_INFOPLIST_FILE = YES;
				MARKETING_VERSION = 1.0;
				PRODUCT_BUNDLE_IDENTIFIER = com.mxzou.BreakingFlashcardsUITests;
				PRODUCT_NAME = "$(TARGET_NAME)";
				SWIFT_EMIT_LOC_STRINGS = NO;
				SWIFT_VERSION = 5.0;
				TARGETED_DEVICE_FAMILY = "1,2";
				TEST_TARGET_NAME = BreakingFlashcards;
			};
			name = Release;
		};
/* End XCBuildConfiguration section */

/* Begin XCConfigurationList section */
		21E61F1F2E5CBEF30073A441 /* Build configuration list for PBXProject "breakdex" */ = {
			isa = XCConfigurationList;
			buildConfigurations = (
				21E61F482E5CBEF40073A441 /* Debug */,
				21E61F492E5CBEF40073A441 /* Release */,
			);
			defaultConfigurationIsVisible = 0;
			defaultConfigurationName = Release;
		};
		21E61F4A2E5CBEF40073A441 /* Build configuration list for PBXNativeTarget "breakdex" */ = {
			isa = XCConfigurationList;
			buildConfigurations = (
				21E61F4B2E5CBEF40073A441 /* Debug */,
				21E61F4C2E5CBEF40073A441 /* Release */,
			);
			defaultConfigurationIsVisible = 0;
			defaultConfigurationName = Release;
		};
		21E61F4D2E5CBEF40073A441 /* Build configuration list for PBXNativeTarget "breakdexTests" */ = {
			isa = XCConfigurationList;
			buildConfigurations = (
				21E61F4E2E5CBEF40073A441 /* Debug */,
				21E61F4F2E5CBEF40073A441 /* Release */,
			);
			defaultConfigurationIsVisible = 0;
			defaultConfigurationName = Release;
		};
		21E61F502E5CBEF40073A441 /* Build configuration list for PBXNativeTarget "breakdexUITests" */ = {
			isa = XCConfigurationList;
			buildConfigurations = (
				21E61F512E5CBEF40073A441 /* Debug */,
				21E61F522E5CBEF40073A441 /* Release */,
			);
			defaultConfigurationIsVisible = 0;
			defaultConfigurationName = Release;
		};
/* End XCConfigurationList section */
	};
	rootObject = 21E61F1C2E5CBEF30073A441 /* Project object */;
}
