// !$*UTF8*$!
{
	archiveVersion = 1;
	classes = {
	};
	objectVersion = 77;
	objects = {

/* Begin PBXBuildFile section */
		2163D8142E609C9C00DD64F8 /* READMe.md in Resources */ = {isa = PBXBuildFile; fileRef = 2163D8132E609C9700DD64F8 /* READMe.md */; };
		21E61F8B2E5DF2A70073A441 /* IBMPlexMono-Thin.ttf in Resources */ = {isa = PBXBuildFile; fileRef = 21E61F8A2E5DF2A70073A441 /* IBMPlexMono-Thin.ttf */; };
		21E61F8C2E5DF2A70073A441 /* IBMPlexMono-Regular.ttf in Resources */ = {isa = PBXBuildFile; fileRef = 21E61F892E5DF2A70073A441 /* IBMPlexMono-Regular.ttf */; };
		21E61F8D2E5DF2A70073A441 /* IBMPlexMono-Bold.ttf in Resources */ = {isa = PBXBuildFile; fileRef = 21E61F882E5DF2A70073A441 /* IBMPlexMono-Bold.ttf */; };
/* End PBXBuildFile section */

/* Begin PBXContainerItemProxy section */
		21E61F372E5CBEF40073A441 /* PBXContainerItemProxy */ = {
			isa = PBXContainerItemProxy;
			containerPortal = 21E61F1C2E5CBEF30073A441 /* Project object */;
			proxyType = 1;
			remoteGlobalIDString = 21E61F232E5CBEF30073A441;
			remoteInfo = BreakingFlashcards;
		};
		21E61F412E5CBEF40073A441 /* PBXContainerItemProxy */ = {
			isa = PBXContainerItemProxy;
			containerPortal = 21E61F1C2E5CBEF30073A441 /* Project object */;
			proxyType = 1;
			remoteGlobalIDString = 21E61F232E5CBEF30073A441;
			remoteInfo = BreakingFlashcards;
		};
/* End PBXContainerItemProxy section */

/* Begin PBXFileReference section */
		2163D8132E609C9700DD64F8 /* READMe.md */ = {isa = PBXFileReference; lastKnownFileType = net.daringfireball.markdown; path = READMe.md; sourceTree = "<group>"; };
		21E61F242E5CBEF30073A441 /* BreakingFlashcards.app */ = {isa = PBXFileReference; explicitFileType = wrapper.application; includeInIndex = 0; path = BreakingFlashcards.app; sourceTree = BUILT_PRODUCTS_DIR; };
		21E61F362E5CBEF40073A441 /* BreakingFlashcardsTests.xctest */ = {isa = PBXFileReference; explicitFileType = wrapper.cfbundle; includeInIndex = 0; path = BreakingFlashcardsTests.xctest; sourceTree = BUILT_PRODUCTS_DIR; };
		21E61F402E5CBEF40073A441 /* BreakingFlashcardsUITests.xctest */ = {isa = PBXFileReference; explicitFileType = wrapper.cfbundle; includeInIndex = 0; path = BreakingFlashcardsUITests.xctest; sourceTree = BUILT_PRODUCTS_DIR; };
		21E61F882E5DF2A70073A441 /* IBMPlexMono-Bold.ttf */ = {isa = PBXFileReference; lastKnownFileType = file; path = "IBMPlexMono-Bold.ttf"; sourceTree = "<group>"; };
		21E61F892E5DF2A70073A441 /* IBMPlexMono-Regular.ttf */ = {isa = PBXFileReference; lastKnownFileType = file; path = "IBMPlexMono-Regular.ttf"; sourceTree = "<group>"; };
		21E61F8A2E5DF2A70073A441 /* IBMPlexMono-Thin.ttf */ = {isa = PBXFileReference; lastKnownFileType = file; path = "IBMPlexMono-Thin.ttf"; sourceTree = "<group>"; };
/* End PBXFileReference section */

/* Begin PBXFileSystemSynchronizedBuildFileExceptionSet section */
		21E61F8F2E5DF3740073A441 /* Exceptions for "BreakingFlashcards" folder in "BreakingFlashcards" target */ = {
			isa = PBXFileSystemSynchronizedBuildFileExceptionSet;
			membershipExceptions = (
				Info.plist,
			);
			target = 21E61F232E5CBEF30073A441 /* BreakingFlashcards */;
		};
/* End PBXFileSystemSynchronizedBuildFileExceptionSet section */

/* Begin PBXFileSystemSynchronizedRootGroup section */
		21E61F262E5CBEF30073A441 /* BreakingFlashcards */ = {
			isa = PBXFileSystemSynchronizedRootGroup;
			exceptions = (
				21E61F8F2E5DF3740073A441 /* Exceptions for "BreakingFlashcards" folder in "BreakingFlashcards" target */,
			);
			path = BreakingFlashcards;
			sourceTree = "<group>";
		};
		21E61F392E5CBEF40073A441 /* BreakingFlashcardsTests */ = {
			isa = PBXFileSystemSynchronizedRootGroup;
			path = BreakingFlashcardsTests;
			sourceTree = "<group>";
		};
		21E61F432E5CBEF40073A441 /* BreakingFlashcardsUITests */ = {
			isa = PBXFileSystemSynchronizedRootGroup;
			path = BreakingFlashcardsUITests;
			sourceTree = "<group>";
		};
/* End PBXFileSystemSynchronizedRootGroup section */

/* Begin PBXFrameworksBuildPhase section */
		21E61F212E5CBEF30073A441 /* Frameworks */ = {
			isa = PBXFrameworksBuildPhase;
			buildActionMask = 2147483647;
			files = (
			);
			runOnlyForDeploymentPostprocessing = 0;
		};
		21E61F332E5CBEF40073A441 /* Frameworks */ = {
			isa = PBXFrameworksBuildPhase;
			buildActionMask = 2147483647;
			files = (
			);
			runOnlyForDeploymentPostprocessing = 0;
		};
		21E61F3D2E5CBEF40073A441 /* Frameworks */ = {
			isa = PBXFrameworksBuildPhase;
			buildActionMask = 2147483647;
			files = (
			);
			runOnlyForDeploymentPostprocessing = 0;
		};
/* End PBXFrameworksBuildPhase section */

/* Begin PBXGroup section */
		21E61F1B2E5CBEF30073A441 = {
			isa = PBXGroup;
			children = (
				2163D8132E609C9700DD64F8 /* READMe.md */,
				21E61F262E5CBEF30073A441 /* BreakingFlashcards */,
				21E61F872E5DF2010073A441 /* Fonts */,
				21E61F392E5CBEF40073A441 /* BreakingFlashcardsTests */,
				21E61F432E5CBEF40073A441 /* BreakingFlashcardsUITests */,
				21E61F252E5CBEF30073A441 /* Products */,
			);
			sourceTree = "<group>";
		};
		21E61F252E5CBEF30073A441 /* Products */ = {
			isa = PBXGroup;
			children = (
				21E61F242E5CBEF30073A441 /* BreakingFlashcards.app */,
				21E61F362E5CBEF40073A441 /* BreakingFlashcardsTests.xctest */,
				21E61F402E5CBEF40073A441 /* BreakingFlashcardsUITests.xctest */,
			);
			name = Products;
			sourceTree = "<group>";
		};
		21E61F872E5DF2010073A441 /* Fonts */ = {
			isa = PBXGroup;
			children = (
				21E61F882E5DF2A70073A441 /* IBMPlexMono-Bold.ttf */,
				21E61F892E5DF2A70073A441 /* IBMPlexMono-Regular.ttf */,
				21E61F8A2E5DF2A70073A441 /* IBMPlexMono-Thin.ttf */,
			);
			path = Fonts;
			sourceTree = "<group>";
		};
/* End PBXGroup section */

/* Begin PBXNativeTarget section */
		21E61F232E5CBEF30073A441 /* BreakingFlashcards */ = {
			isa = PBXNativeTarget;
			buildConfigurationList = 21E61F4A2E5CBEF40073A441 /* Build configuration list for PBXNativeTarget "BreakingFlashcards" */;
			buildPhases = (
				21E61F202E5CBEF30073A441 /* Sources */,
				21E61F212E5CBEF30073A441 /* Frameworks */,
				21E61F222E5CBEF30073A441 /* Resources */,
			);
			buildRules = (
			);
			dependencies = (
			);
			fileSystemSynchronizedGroups = (
				21E61F262E5CBEF30073A441 /* BreakingFlashcards */,
			);
			name = BreakingFlashcards;
			packageProductDependencies = (
			);
			productName = BreakingFlashcards;
			productReference = 21E61F242E5CBEF30073A441 /* BreakingFlashcards.app */;
			productType = "com.apple.product-type.application";
		};
		21E61F352E5CBEF40073A441 /* BreakingFlashcardsTests */ = {
			isa = PBXNativeTarget;
			buildConfigurationList = 21E61F4D2E5CBEF40073A441 /* Build configuration list for PBXNativeTarget "BreakingFlashcardsTests" */;
			buildPhases = (
				21E61F322E5CBEF40073A441 /* Sources */,
				21E61F332E5CBEF40073A441 /* Frameworks */,
				21E61F342E5CBEF40073A441 /* Resources */,
			);
			buildRules = (
			);
			dependencies = (
				21E61F382E5CBEF40073A441 /* PBXTargetDependency */,
			);
			fileSystemSynchronizedGroups = (
				21E61F392E5CBEF40073A441 /* BreakingFlashcardsTests */,
			);
			name = BreakingFlashcardsTests;
			packageProductDependencies = (
			);
			productName = BreakingFlashcardsTests;
			productReference = 21E61F362E5CBEF40073A441 /* BreakingFlashcardsTests.xctest */;
			productType = "com.apple.product-type.bundle.unit-test";
		};
		21E61F3F2E5CBEF40073A441 /* BreakingFlashcardsUITests */ = {
			isa = PBXNativeTarget;
			buildConfigurationList = 21E61F502E5CBEF40073A441 /* Build configuration list for PBXNativeTarget "BreakingFlashcardsUITests" */;
			buildPhases = (
				21E61F3C2E5CBEF40073A441 /* Sources */,
				21E61F3D2E5CBEF40073A441 /* Frameworks */,
				21E61F3E2E5CBEF40073A441 /* Resources */,
			);
			buildRules = (
			);
			dependencies = (
				21E61F422E5CBEF40073A441 /* PBXTargetDependency */,
			);
			fileSystemSynchronizedGroups = (
				21E61F432E5CBEF40073A441 /* BreakingFlashcardsUITests */,
			);
			name = BreakingFlashcardsUITests;
			packageProductDependencies = (
			);
			productName = BreakingFlashcardsUITests;
			productReference = 21E61F402E5CBEF40073A441 /* BreakingFlashcardsUITests.xctest */;
			productType = "com.apple.product-type.bundle.ui-testing";
		};
/* End PBXNativeTarget section */

/* Begin PBXProject section */
		21E61F1C2E5CBEF30073A441 /* Project object */ = {
			isa = PBXProject;
			attributes = {
				BuildIndependentTargetsInParallel = 1;
				LastSwiftUpdateCheck = 1640;
				LastUpgradeCheck = 1640;
				TargetAttributes = {
					21E61F232E5CBEF30073A441 = {
						CreatedOnToolsVersion = 16.4;
					};
					21E61F352E5CBEF40073A441 = {
						CreatedOnToolsVersion = 16.4;
						TestTargetID = 21E61F232E5CBEF30073A441;
					};
					21E61F3F2E5CBEF40073A441 = {
						CreatedOnToolsVersion = 16.4;
						TestTargetID = 21E61F232E5CBEF30073A441;
					};
				};
			};
			buildConfigurationList = 21E61F1F2E5CBEF30073A441 /* Build configuration list for PBXProject "BreakingFlashcards" */;
			developmentRegion = en;
			hasScannedForEncodings = 0;
			knownRegions = (
				en,
				Base,
			);
			mainGroup = 21E61F1B2E5CBEF30073A441;
			minimizedProjectReferenceProxies = 1;
			preferredProjectObjectVersion = 77;
			productRefGroup = 21E61F252E5CBEF30073A441 /* Products */;
			projectDirPath = "";
			projectRoot = "";
			targets = (
				21E61F232E5CBEF30073A441 /* BreakingFlashcards */,
				21E61F352E5CBEF40073A441 /* BreakingFlashcardsTests */,
				21E61F3F2E5CBEF40073A441 /* BreakingFlashcardsUITests */,
			);
		};
/* End PBXProject section */

/* Begin PBXResourcesBuildPhase section */
		21E61F222E5CBEF30073A441 /* Resources */ = {
			isa = PBXResourcesBuildPhase;
			buildActionMask = 2147483647;
			files = (
				21E61F8B2E5DF2A70073A441 /* IBMPlexMono-Thin.ttf in Resources */,
				21E61F8C2E5DF2A70073A441 /* IBMPlexMono-Regular.ttf in Resources */,
				2163D8142E609C9C00DD64F8 /* READMe.md in Resources */,
				21E61F8D2E5DF2A70073A441 /* IBMPlexMono-Bold.ttf in Resources */,
			);
			runOnlyForDeploymentPostprocessing = 0;
		};
		21E61F342E5CBEF40073A441 /* Resources */ = {
			isa = PBXResourcesBuildPhase;
			buildActionMask = 2147483647;
			files = (
			);
			runOnlyForDeploymentPostprocessing = 0;
		};
		21E61F3E2E5CBEF40073A441 /* Resources */ = {
			isa = PBXResourcesBuildPhase;
			buildActionMask = 2147483647;
			files = (
			);
			runOnlyForDeploymentPostprocessing = 0;
		};
/* End PBXResourcesBuildPhase section */

/* Begin PBXSourcesBuildPhase section */
		21E61F202E5CBEF30073A441 /* Sources */ = {
			isa = PBXSourcesBuildPhase;
			buildActionMask = 2147483647;
			files = (
			);
			runOnlyForDeploymentPostprocessing = 0;
		};
		21E61F322E5CBEF40073A441 /* Sources */ = {
			isa = PBXSourcesBuildPhase;
			buildActionMask = 2147483647;
			files = (
			);
			runOnlyForDeploymentPostprocessing = 0;
		};
		21E61F3C2E5CBEF40073A441 /* Sources */ = {
			isa = PBXSourcesBuildPhase;
			buildActionMask = 2147483647;
			files = (
			);
			runOnlyForDeploymentPostprocessing = 0;
		};
/* End PBXSourcesBuildPhase section */

/* Begin PBXTargetDependency section */
		21E61F382E5CBEF40073A441 /* PBXTargetDependency */ = {
			isa = PBXTargetDependency;
			target = 21E61F232E5CBEF30073A441 /* BreakingFlashcards */;
			targetProxy = 21E61F372E5CBEF40073A441 /* PBXContainerItemProxy */;
		};
		21E61F422E5CBEF40073A441 /* PBXTargetDependency */ = {
			isa = PBXTargetDependency;
			target = 21E61F232E5CBEF30073A441 /* BreakingFlashcards */;
			targetProxy = 21E61F412E5CBEF40073A441 /* PBXContainerItemProxy */;
		};
/* End PBXTargetDependency section */

/* Begin XCBuildConfiguration section */
		21E61F482E5CBEF40073A441 /* Debug */ = {
			isa = XCBuildConfiguration;
			buildSettings = {
				ALWAYS_SEARCH_USER_PATHS = NO;
				ASSETCATALOG_COMPILER_GENERATE_SWIFT_ASSET_SYMBOL_EXTENSIONS = YES;
				CLANG_ANALYZER_NONNULL = YES;
				CLANG_ANALYZER_NUMBER_OBJECT_CONVERSION = YES_AGGRESSIVE;
				CLANG_CXX_LANGUAGE_STANDARD = "gnu++20";
				CLANG_ENABLE_MODULES = YES;
				CLANG_ENABLE_OBJC_ARC = YES;
				CLANG_ENABLE_OBJC_WEAK = YES;
				CLANG_WARN_BLOCK_CAPTURE_AUTORELEASING = YES;
				CLANG_WARN_BOOL_CONVERSION = YES;
				CLANG_WARN_COMMA = YES;
				CLANG_WARN_CONSTANT_CONVERSION = YES;
				CLANG_WARN_DEPRECATED_OBJC_IMPLEMENTATIONS = YES;
				CLANG_WARN_DIRECT_OBJC_ISA_USAGE = YES_ERROR;
				CLANG_WARN_DOCUMENTATION_COMMENTS = YES;
				CLANG_WARN_EMPTY_BODY = YES;
				CLANG_WARN_ENUM_CONVERSION = YES;
				CLANG_WARN_INFINITE_RECURSION = YES;
				CLANG_WARN_INT_CONVERSION = YES;
				CLANG_WARN_NON_LITERAL_NULL_CONVERSION = YES;
				CLANG_WARN_OBJC_IMPLICIT_RETAIN_SELF = YES;
				CLANG_WARN_OBJC_LITERAL_CONVERSION = YES;
				CLANG_WARN_OBJC_ROOT_CLASS = YES_ERROR;
				CLANG_WARN_QUOTED_INCLUDE_IN_FRAMEWORK_HEADER = YES;
				CLANG_WARN_RANGE_LOOP_ANALYSIS = YES;
				CLANG_WARN_STRICT_PROTOTYPES = YES;
				CLANG_WARN_SUSPICIOUS_MOVE = YES;
				CLANG_WARN_UNGUARDED_AVAILABILITY = YES_AGGRESSIVE;
				CLANG_WARN_UNREACHABLE_CODE = YES;
				CLANG_WARN__DUPLICATE_METHOD_MATCH = YES;
				COPY_PHASE_STRIP = NO;
				DEBUG_INFORMATION_FORMAT = dwarf;
				ENABLE_STRICT_OBJC_MSGSEND = YES;
				ENABLE_TESTABILITY = YES;
				ENABLE_USER_SCRIPT_SANDBOXING = YES;
				GCC_C_LANGUAGE_STANDARD = gnu17;
				GCC_DYNAMIC_NO_PIC = NO;
				GCC_NO_COMMON_BLOCKS = YES;
				GCC_OPTIMIZATION_LEVEL = 0;
				GCC_PREPROCESSOR_DEFINITIONS = (
					"DEBUG=1",
					"$(inherited)",
				);
				GCC_WARN_64_TO_32_BIT_CONVERSION = YES;
				GCC_WARN_ABOUT_RETURN_TYPE = YES_ERROR;
				GCC_WARN_UNDECLARED_SELECTOR = YES;
				GCC_WARN_UNINITIALIZED_AUTOS = YES_AGGRESSIVE;
				GCC_WARN_UNUSED_FUNCTION = YES;
				GCC_WARN_UNUSED_VARIABLE = YES;
				IPHONEOS_DEPLOYMENT_TARGET = 18.5;
				LOCALIZATION_PREFERS_STRING_CATALOGS = YES;
				MTL_ENABLE_DEBUG_INFO = INCLUDE_SOURCE;
				MTL_FAST_MATH = YES;
				ONLY_ACTIVE_ARCH = YES;
				SDKROOT = iphoneos;
				SWIFT_ACTIVE_COMPILATION_CONDITIONS = "DEBUG $(inherited)";
				SWIFT_OPTIMIZATION_LEVEL = "-Onone";
			};
			name = Debug;
		};
		21E61F492E5CBEF40073A441 /* Release */ = {
			isa = XCBuildConfiguration;
			buildSettings = {
				ALWAYS_SEARCH_USER_PATHS = NO;
				ASSETCATALOG_COMPILER_GENERATE_SWIFT_ASSET_SYMBOL_EXTENSIONS = YES;
				CLANG_ANALYZER_NONNULL = YES;
				CLANG_ANALYZER_NUMBER_OBJECT_CONVERSION = YES_AGGRESSIVE;
				CLANG_CXX_LANGUAGE_STANDARD = "gnu++20";
				CLANG_ENABLE_MODULES = YES;
				CLANG_ENABLE_OBJC_ARC = YES;
				CLANG_ENABLE_OBJC_WEAK = YES;
				CLANG_WARN_BLOCK_CAPTURE_AUTORELEASING = YES;
				CLANG_WARN_BOOL_CONVERSION = YES;
				CLANG_WARN_COMMA = YES;
				CLANG_WARN_CONSTANT_CONVERSION = YES;
				CLANG_WARN_DEPRECATED_OBJC_IMPLEMENTATIONS = YES;
				CLANG_WARN_DIRECT_OBJC_ISA_USAGE = YES_ERROR;
				CLANG_WARN_DOCUMENTATION_COMMENTS = YES;
				CLANG_WARN_EMPTY_BODY = YES;
				CLANG_WARN_ENUM_CONVERSION = YES;
				CLANG_WARN_INFINITE_RECURSION = YES;
				CLANG_WARN_INT_CONVERSION = YES;
				CLANG_WARN_NON_LITERAL_NULL_CONVERSION = YES;
				CLANG_WARN_OBJC_IMPLICIT_RETAIN_SELF = YES;
				CLANG_WARN_OBJC_LITERAL_CONVERSION = YES;
				CLANG_WARN_OBJC_ROOT_CLASS = YES_ERROR;
				CLANG_WARN_QUOTED_INCLUDE_IN_FRAMEWORK_HEADER = YES;
				CLANG_WARN_RANGE_LOOP_ANALYSIS = YES;
				CLANG_WARN_STRICT_PROTOTYPES = YES;
				CLANG_WARN_SUSPICIOUS_MOVE = YES;
				CLANG_WARN_UNGUARDED_AVAILABILITY = YES_AGGRESSIVE;
				CLANG_WARN_UNREACHABLE_CODE = YES;
				CLANG_WARN__DUPLICATE_METHOD_MATCH = YES;
				COPY_PHASE_STRIP = NO;
				DEBUG_INFORMATION_FORMAT = "dwarf-with-dsym";
				ENABLE_NS_ASSERTIONS = NO;
				ENABLE_STRICT_OBJC_MSGSEND = YES;
				ENABLE_USER_SCRIPT_SANDBOXING = YES;
				GCC_C_LANGUAGE_STANDARD = gnu17;
				GCC_NO_COMMON_BLOCKS = YES;
				GCC_WARN_64_TO_32_BIT_CONVERSION = YES;
				GCC_WARN_ABOUT_RETURN_TYPE = YES_ERROR;
				GCC_WARN_UNDECLARED_SELECTOR = YES;
				GCC_WARN_UNINITIALIZED_AUTOS = YES_AGGRESSIVE;
				GCC_WARN_UNUSED_FUNCTION = YES;
				GCC_WARN_UNUSED_VARIABLE = YES;
				IPHONEOS_DEPLOYMENT_TARGET = 18.5;
				LOCALIZATION_PREFERS_STRING_CATALOGS = YES;
				MTL_ENABLE_DEBUG_INFO = NO;
				MTL_FAST_MATH = YES;
				SDKROOT = iphoneos;
				SWIFT_COMPILATION_MODE = wholemodule;
				VALIDATE_PRODUCT = YES;
			};
			name = Release;
		};
		21E61F4B2E5CBEF40073A441 /* Debug */ = {
			isa = XCBuildConfiguration;
			buildSettings = {
				ASSETCATALOG_COMPILER_APPICON_NAME = AppIcon;
				ASSETCATALOG_COMPILER_GLOBAL_ACCENT_COLOR_NAME = AccentColor;
				CODE_SIGN_STYLE = Automatic;
				CURRENT_PROJECT_VERSION = 1;
				DEVELOPMENT_TEAM = 95MF6RX2GK;
				ENABLE_PREVIEWS = YES;
				GENERATE_INFOPLIST_FILE = YES;
				INFOPLIST_FILE = BreakingFlashcards/Info.plist;
				INFOPLIST_KEY_CFBundleDisplayName = breakdex;
				INFOPLIST_KEY_LSApplicationCategoryType = "public.app-category.utilities";
				INFOPLIST_KEY_UIApplicationSceneManifest_Generation = YES;
				INFOPLIST_KEY_UIApplicationSupportsIndirectInputEvents = YES;
				INFOPLIST_KEY_UILaunchScreen_Generation = YES;
				INFOPLIST_KEY_UISupportedInterfaceOrientations_iPad = "UIInterfaceOrientationPortrait UIInterfaceOrientationPortraitUpsideDown UIInterfaceOrientationLandscapeLeft UIInterfaceOrientationLandscapeRight";
				INFOPLIST_KEY_UISupportedInterfaceOrientations_iPhone = "UIInterfaceOrientationPortrait UIInterfaceOrientationLandscapeLeft UIInterfaceOrientationLandscapeRight";
				LD_RUNPATH_SEARCH_PATHS = (
					"$(inherited)",
					"@executable_path/Frameworks",
				);
				MARKETING_VERSION = 1.0;
				PRODUCT_BUNDLE_IDENTIFIER = com.mxzou.BreakingFlashcards;
				PRODUCT_NAME = "$(TARGET_NAME)";
				SWIFT_EMIT_LOC_STRINGS = YES;
				SWIFT_VERSION = 5.0;
				TARGETED_DEVICE_FAMILY = "1,2";
			};
			name = Debug;
		};
		21E61F4C2E5CBEF40073A441 /* Release */ = {
			isa = XCBuildConfiguration;
			buildSettings = {
				ASSETCATALOG_COMPILER_APPICON_NAME = AppIcon;
				ASSETCATALOG_COMPILER_GLOBAL_ACCENT_COLOR_NAME = AccentColor;
				CODE_SIGN_STYLE = Automatic;
				CURRENT_PROJECT_VERSION = 1;
				DEVELOPMENT_TEAM = 95MF6RX2GK;
				ENABLE_PREVIEWS = YES;
				GENERATE_INFOPLIST_FILE = YES;
				INFOPLIST_FILE = BreakingFlashcards/Info.plist;
				INFOPLIST_KEY_CFBundleDisplayName = breakdex;
				INFOPLIST_KEY_LSApplicationCategoryType = "public.app-category.utilities";
				INFOPLIST_KEY_UIApplicationSceneManifest_Generation = YES;
				INFOPLIST_KEY_UIApplicationSupportsIndirectInputEvents = YES;
				INFOPLIST_KEY_UILaunchScreen_Generation = YES;
				INFOPLIST_KEY_UISupportedInterfaceOrientations_iPad = "UIInterfaceOrientationPortrait UIInterfaceOrientationPortraitUpsideDown UIInterfaceOrientationLandscapeLeft UIInterfaceOrientationLandscapeRight";
				INFOPLIST_KEY_UISupportedInterfaceOrientations_iPhone = "UIInterfaceOrientationPortrait UIInterfaceOrientationLandscapeLeft UIInterfaceOrientationLandscapeRight";
				LD_RUNPATH_SEARCH_PATHS = (
					"$(inherited)",
					"@executable_path/Frameworks",
				);
				MARKETING_VERSION = 1.0;
				PRODUCT_BUNDLE_IDENTIFIER = com.mxzou.BreakingFlashcards;
				PRODUCT_NAME = "$(TARGET_NAME)";
				SWIFT_EMIT_LOC_STRINGS = YES;
				SWIFT_VERSION = 5.0;
				TARGETED_DEVICE_FAMILY = "1,2";
			};
			name = Release;
		};
		21E61F4E2E5CBEF40073A441 /* Debug */ = {
			isa = XCBuildConfiguration;
			buildSettings = {
				BUNDLE_LOADER = "$(TEST_HOST)";
				CODE_SIGN_STYLE = Automatic;
				CURRENT_PROJECT_VERSION = 1;
				DEVELOPMENT_TEAM = 95MF6RX2GK;
				GENERATE_INFOPLIST_FILE = YES;
				IPHONEOS_DEPLOYMENT_TARGET = 18.5;
				MARKETING_VERSION = 1.0;
				PRODUCT_BUNDLE_IDENTIFIER = com.mxzou.BreakingFlashcardsTests;
				PRODUCT_NAME = "$(TARGET_NAME)";
				SWIFT_EMIT_LOC_STRINGS = NO;
				SWIFT_VERSION = 5.0;
				TARGETED_DEVICE_FAMILY = "1,2";
				TEST_HOST = "$(BUILT_PRODUCTS_DIR)/BreakingFlashcards.app/$(BUNDLE_EXECUTABLE_FOLDER_PATH)/BreakingFlashcards";
			};
			name = Debug;
		};
		21E61F4F2E5CBEF40073A441 /* Release */ = {
			isa = XCBuildConfiguration;
			buildSettings = {
				BUNDLE_LOADER = "$(TEST_HOST)";
				CODE_SIGN_STYLE = Automatic;
				CURRENT_PROJECT_VERSION = 1;
				DEVELOPMENT_TEAM = 95MF6RX2GK;
				GENERATE_INFOPLIST_FILE = YES;
				IPHONEOS_DEPLOYMENT_TARGET = 18.5;
				MARKETING_VERSION = 1.0;
				PRODUCT_BUNDLE_IDENTIFIER = com.mxzou.BreakingFlashcardsTests;
				PRODUCT_NAME = "$(TARGET_NAME)";
				SWIFT_EMIT_LOC_STRINGS = NO;
				SWIFT_VERSION = 5.0;
				TARGETED_DEVICE_FAMILY = "1,2";
				TEST_HOST = "$(BUILT_PRODUCTS_DIR)/BreakingFlashcards.app/$(BUNDLE_EXECUTABLE_FOLDER_PATH)/BreakingFlashcards";
			};
			name = Release;
		};
		21E61F512E5CBEF40073A441 /* Debug */ = {
			isa = XCBuildConfiguration;
			buildSettings = {
				CODE_SIGN_STYLE = Automatic;
				CURRENT_PROJECT_VERSION = 1;
				DEVELOPMENT_TEAM = 95MF6RX2GK;
				GENERATE_INFOPLIST_FILE = YES;
				MARKETING_VERSION = 1.0;
				PRODUCT_BUNDLE_IDENTIFIER = com.mxzou.BreakingFlashcardsUITests;
				PRODUCT_NAME = "$(TARGET_NAME)";
				SWIFT_EMIT_LOC_STRINGS = NO;
				SWIFT_VERSION = 5.0;
				TARGETED_DEVICE_FAMILY = "1,2";
				TEST_TARGET_NAME = BreakingFlashcards;
			};
			name = Debug;
		};
		21E61F522E5CBEF40073A441 /* Release */ = {
			isa = XCBuildConfiguration;
			buildSettings = {
				CODE_SIGN_STYLE = Automatic;
				CURRENT_PROJECT_VERSION = 1;
				DEVELOPMENT_TEAM = 95MF6RX2GK;
				GENERATE_INFOPLIST_FILE = YES;
				MARKETING_VERSION = 1.0;
				PRODUCT_BUNDLE_IDENTIFIER = com.mxzou.BreakingFlashcardsUITests;
				PRODUCT_NAME = "$(TARGET_NAME)";
				SWIFT_EMIT_LOC_STRINGS = NO;
				SWIFT_VERSION = 5.0;
				TARGETED_DEVICE_FAMILY = "1,2";
				TEST_TARGET_NAME = BreakingFlashcards;
			};
			name = Release;
		};
/* End XCBuildConfiguration section */

/* Begin XCConfigurationList section */
		21E61F1F2E5CBEF30073A441 /* Build configuration list for PBXProject "BreakingFlashcards" */ = {
			isa = XCConfigurationList;
			buildConfigurations = (
				21E61F482E5CBEF40073A441 /* Debug */,
				21E61F492E5CBEF40073A441 /* Release */,
			);
			defaultConfigurationIsVisible = 0;
			defaultConfigurationName = Release;
		};
		21E61F4A2E5CBEF40073A441 /* Build configuration list for PBXNativeTarget "BreakingFlashcards" */ = {
			isa = XCConfigurationList;
			buildConfigurations = (
				21E61F4B2E5CBEF40073A441 /* Debug */,
				21E61F4C2E5CBEF40073A441 /* Release */,
			);
			defaultConfigurationIsVisible = 0;
			defaultConfigurationName = Release;
		};
		21E61F4D2E5CBEF40073A441 /* Build configuration list for PBXNativeTarget "BreakingFlashcardsTests" */ = {
			isa = XCConfigurationList;
			buildConfigurations = (
				21E61F4E2E5CBEF40073A441 /* Debug */,
				21E61F4F2E5CBEF40073A441 /* Release */,
			);
			defaultConfigurationIsVisible = 0;
			defaultConfigurationName = Release;
		};
		21E61F502E5CBEF40073A441 /* Build configuration list for PBXNativeTarget "BreakingFlashcardsUITests" */ = {
			isa = XCConfigurationList;
			buildConfigurations = (
				21E61F512E5CBEF40073A441 /* Debug */,
				21E61F522E5CBEF40073A441 /* Release */,
			);
			defaultConfigurationIsVisible = 0;
			defaultConfigurationName = Release;
		};
/* End XCConfigurationList section */
	};
	rootObject = 21E61F1C2E5CBEF30073A441 /* Project object */;
}
